{
  "name": "citykleta-web",
  "version": "0.1.0",
  "lockfileVersion": 1,
  "requires": true,
  "dependencies": {
    "@mapbox/fusspot": {
      "version": "0.4.0",
      "resolved": "https://registry.npmjs.org/@mapbox/fusspot/-/fusspot-0.4.0.tgz",
      "integrity": "sha512-6sys1vUlhNCqMvJOqPEPSi0jc9tg7aJ//oG1A16H3PXoIt9whtNngD7UzBHUVTH15zunR/vRvMtGNVsogm1KzA==",
      "requires": {
        "is-plain-obj": "^1.1.0",
        "xtend": "^4.0.1"
      }
    },
    "@mapbox/geojson-area": {
      "version": "0.2.2",
      "resolved": "https://registry.npmjs.org/@mapbox/geojson-area/-/geojson-area-0.2.2.tgz",
      "integrity": "sha1-GNeBSqNr8j+7zDefjiaiKSfevxA=",
      "requires": {
        "wgs84": "0.0.0"
      }
    },
    "@mapbox/geojson-rewind": {
      "version": "0.4.0",
      "resolved": "https://registry.npmjs.org/@mapbox/geojson-rewind/-/geojson-rewind-0.4.0.tgz",
      "integrity": "sha512-b+1uPWBERW4Pet/969BNu61ZPDyH2ilIxBjJDFzxyS9TyszF9UrTQyYIl/G38clux3rtpAGGFSGTCSF/qR6UjA==",
      "requires": {
        "@mapbox/geojson-area": "0.2.2",
        "concat-stream": "~1.6.0",
        "minimist": "1.2.0",
        "sharkdown": "^0.1.0"
      },
      "dependencies": {
        "minimist": {
          "version": "1.2.0",
          "resolved": "https://registry.npmjs.org/minimist/-/minimist-1.2.0.tgz",
          "integrity": "sha1-o1AIsg9BOD7sH7kU9M1d95omQoQ="
        }
      }
    },
    "@mapbox/geojson-types": {
      "version": "1.0.2",
      "resolved": "https://registry.npmjs.org/@mapbox/geojson-types/-/geojson-types-1.0.2.tgz",
      "integrity": "sha512-e9EBqHHv3EORHrSfbR9DqecPNn+AmuAoQxV6aL8Xu30bJMJR1o8PZLZzpk1Wq7/NfCbuhmakHTPYRhoqLsXRnw=="
    },
    "@mapbox/jsonlint-lines-primitives": {
      "version": "2.0.2",
      "resolved": "https://registry.npmjs.org/@mapbox/jsonlint-lines-primitives/-/jsonlint-lines-primitives-2.0.2.tgz",
      "integrity": "sha1-zlblOfg1UrWNENZy6k1vya3HsjQ="
    },
    "@mapbox/mapbox-gl-supported": {
      "version": "1.4.0",
      "resolved": "https://registry.npmjs.org/@mapbox/mapbox-gl-supported/-/mapbox-gl-supported-1.4.0.tgz",
      "integrity": "sha512-ZD0Io4XK+/vU/4zpANjOtdWfVszAgnaMPsGR6LKsWh4kLIEv9qoobTVmJPPuwuM+ZI2b3BlZ6DYw1XHVmv6YTA=="
    },
    "@mapbox/mapbox-sdk": {
      "version": "0.5.0",
      "resolved": "https://registry.npmjs.org/@mapbox/mapbox-sdk/-/mapbox-sdk-0.5.0.tgz",
      "integrity": "sha512-BYD527EQZLkrwM8vvYDEvHgPs3R4sQFgMoTZaElpwwHxcDba/kmiE3wUaPzyIT3GcGkJJeXSihLrL23Tfo99kQ==",
      "requires": {
        "@mapbox/fusspot": "^0.4.0",
        "@mapbox/parse-mapbox-token": "^0.2.0",
        "@mapbox/polyline": "^1.0.0",
        "eventemitter3": "^3.1.0",
        "got": "^8.3.2",
        "is-plain-obj": "^1.1.0",
        "xtend": "^4.0.1"
      }
    },
    "@mapbox/parse-mapbox-token": {
      "version": "0.2.0",
      "resolved": "https://registry.npmjs.org/@mapbox/parse-mapbox-token/-/parse-mapbox-token-0.2.0.tgz",
      "integrity": "sha512-BjeuG4sodYaoTygwXIuAWlZV6zUv4ZriYAQhXikzx+7DChycMUQ9g85E79Htat+AsBg+nStFALehlOhClYm5cQ==",
      "requires": {
        "base-64": "^0.1.0"
      }
    },
    "@mapbox/point-geometry": {
      "version": "0.1.0",
      "resolved": "https://registry.npmjs.org/@mapbox/point-geometry/-/point-geometry-0.1.0.tgz",
      "integrity": "sha1-ioP5M1x4YO/6Lu7KJUMyqgru2PI="
    },
    "@mapbox/polyline": {
      "version": "1.0.0",
      "resolved": "https://registry.npmjs.org/@mapbox/polyline/-/polyline-1.0.0.tgz",
      "integrity": "sha512-5Vu99e/+kVF0h0eiWa3er3bYnjorq6SGTn06HqeinFAETlQpcHGj7+DanmFlNyXkgvRcKi0nQytuMm6QA2CkAQ=="
    },
    "@mapbox/tiny-sdf": {
      "version": "1.1.0",
      "resolved": "https://registry.npmjs.org/@mapbox/tiny-sdf/-/tiny-sdf-1.1.0.tgz",
      "integrity": "sha512-dnhyk8X2BkDRWImgHILYAGgo+kuciNYX30CUKj/Qd5eNjh54OWM/mdOS/PWsPeN+3abtN+QDGYM4G220ynVJKA=="
    },
    "@mapbox/unitbezier": {
      "version": "0.0.0",
      "resolved": "https://registry.npmjs.org/@mapbox/unitbezier/-/unitbezier-0.0.0.tgz",
      "integrity": "sha1-FWUb1VOme4WB+zmIEMmK2Go0Uk4="
    },
    "@mapbox/vector-tile": {
      "version": "1.3.1",
      "resolved": "https://registry.npmjs.org/@mapbox/vector-tile/-/vector-tile-1.3.1.tgz",
      "integrity": "sha512-MCEddb8u44/xfQ3oD+Srl/tNcQoqTw3goGk2oLsrFxOTc3dUp+kAnby3PvAeeBYSMSjSPD1nd1AJA6W49WnoUw==",
      "requires": {
        "@mapbox/point-geometry": "~0.1.0"
      }
    },
    "@mapbox/whoots-js": {
      "version": "3.1.0",
      "resolved": "https://registry.npmjs.org/@mapbox/whoots-js/-/whoots-js-3.1.0.tgz",
      "integrity": "sha512-Es6WcD0nO5l+2BOQS4uLfNPYQaNDfbot3X1XUoloz+x0mPDS3eeORZJl06HXjwBG1fOGwCRnzK88LMdxKRrd6Q=="
    },
    "@sindresorhus/is": {
      "version": "0.7.0",
      "resolved": "https://registry.npmjs.org/@sindresorhus/is/-/is-0.7.0.tgz",
      "integrity": "sha512-ONhaKPIufzzrlNbqtWFFd+jlnemX6lJAgq9ZeiZtS7I1PIf/la7CW4m83rTXRnVnsMbW2k56pGYu7AUFJD9Pow=="
    },
    "@types/estree": {
      "version": "0.0.39",
      "resolved": "https://registry.npmjs.org/@types/estree/-/estree-0.0.39.tgz",
      "integrity": "sha512-EYNwp3bU+98cpU4lAWYYL7Zz+2gryWH1qbdDTidVd6hkiR6weksdbMadyXKXNPEkQFhXM+hVO9ZygomHXp+AIw==",
      "dev": true
    },
    "@types/node": {
      "version": "10.12.21",
      "resolved": "https://registry.npmjs.org/@types/node/-/node-10.12.21.tgz",
      "integrity": "sha512-CBgLNk4o3XMnqMc0rhb6lc77IwShMEglz05deDcn2lQxyXEZivfwgYJu7SMha9V5XcrP6qZuevTHV/QrN2vjKQ==",
      "dev": true
    },
    "acorn": {
      "version": "6.0.7",
      "resolved": "https://registry.npmjs.org/acorn/-/acorn-6.0.7.tgz",
      "integrity": "sha512-HNJNgE60C9eOTgn974Tlp3dpLZdUr+SoxxDwPaY9J/kDNOLQTkaDgwBUXAF4SSsrAwD9RpdxuHK/EbuF+W9Ahw==",
      "dev": true
    },
    "ansicolors": {
      "version": "0.2.1",
      "resolved": "https://registry.npmjs.org/ansicolors/-/ansicolors-0.2.1.tgz",
      "integrity": "sha1-vgiVmQl7dKXJxKhKDNvNtivYeu8="
    },
    "arr-diff": {
      "version": "2.0.0",
      "resolved": "https://registry.npmjs.org/arr-diff/-/arr-diff-2.0.0.tgz",
      "integrity": "sha1-jzuCf5Vai9ZpaX5KQlasPOrjVs8=",
      "dev": true,
      "requires": {
        "arr-flatten": "^1.0.1"
      }
    },
    "arr-flatten": {
      "version": "1.1.0",
      "resolved": "https://registry.npmjs.org/arr-flatten/-/arr-flatten-1.1.0.tgz",
      "integrity": "sha512-L3hKV5R/p5o81R7O02IGnwpDmkp6E982XhtbuwSe3O4qOtMMMtodicASA1Cny2U+aCXcNpml+m4dPsvsJ3jatg==",
      "dev": true
    },
    "array-unique": {
      "version": "0.2.1",
      "resolved": "https://registry.npmjs.org/array-unique/-/array-unique-0.2.1.tgz",
      "integrity": "sha1-odl8yvy8JiXMcPrc6zalDFiwGlM=",
      "dev": true
    },
    "base-64": {
      "version": "0.1.0",
      "resolved": "https://registry.npmjs.org/base-64/-/base-64-0.1.0.tgz",
      "integrity": "sha1-eAqZyE59YAJgNhURxId2E78k9rs="
    },
    "braces": {
      "version": "1.8.5",
      "resolved": "https://registry.npmjs.org/braces/-/braces-1.8.5.tgz",
      "integrity": "sha1-uneWLhLf+WnWt2cR6RS3N4V79qc=",
      "dev": true,
      "requires": {
        "expand-range": "^1.8.1",
        "preserve": "^0.2.0",
        "repeat-element": "^1.1.2"
      }
    },
    "buffer-from": {
      "version": "1.1.1",
      "resolved": "https://registry.npmjs.org/buffer-from/-/buffer-from-1.1.1.tgz",
      "integrity": "sha512-MQcXEUbCKtEo7bhqEs6560Hyd4XaovZlO/k9V3hjVUF/zwW7KBVdSK4gIt/bzwS9MbR5qob+F5jusZsb0YQK2A=="
    },
    "builtin-modules": {
      "version": "3.0.0",
      "resolved": "https://registry.npmjs.org/builtin-modules/-/builtin-modules-3.0.0.tgz",
      "integrity": "sha512-hMIeU4K2ilbXV6Uv93ZZ0Avg/M91RaKXucQ+4me2Do1txxBDyDZWCBa5bJSLqoNTRpXTLwEzIk1KmloenDDjhg==",
      "dev": true
    },
    "cacheable-request": {
      "version": "2.1.4",
      "resolved": "https://registry.npmjs.org/cacheable-request/-/cacheable-request-2.1.4.tgz",
      "integrity": "sha1-DYCIAbY0KtM8kd+dC0TcCbkeXD0=",
      "requires": {
        "clone-response": "1.0.2",
        "get-stream": "3.0.0",
        "http-cache-semantics": "3.8.1",
        "keyv": "3.0.0",
        "lowercase-keys": "1.0.0",
        "normalize-url": "2.0.1",
        "responselike": "1.0.2"
      },
      "dependencies": {
        "lowercase-keys": {
          "version": "1.0.0",
          "resolved": "https://registry.npmjs.org/lowercase-keys/-/lowercase-keys-1.0.0.tgz",
          "integrity": "sha1-TjNms55/VFfjXxMkvfb4jQv8cwY="
        }
      }
    },
    "cardinal": {
      "version": "0.4.4",
      "resolved": "https://registry.npmjs.org/cardinal/-/cardinal-0.4.4.tgz",
      "integrity": "sha1-ylu2iltRG5D+k7ms6km97lwyv+I=",
      "requires": {
        "ansicolors": "~0.2.1",
        "redeyed": "~0.4.0"
      }
    },
    "clone-response": {
      "version": "1.0.2",
      "resolved": "https://registry.npmjs.org/clone-response/-/clone-response-1.0.2.tgz",
      "integrity": "sha1-0dyXOSAxTfZ/vrlCI7TuNQI56Ws=",
      "requires": {
        "mimic-response": "^1.0.0"
      }
    },
    "concat-stream": {
      "version": "1.6.2",
      "resolved": "https://registry.npmjs.org/concat-stream/-/concat-stream-1.6.2.tgz",
      "integrity": "sha512-27HBghJxjiZtIk3Ycvn/4kbJk/1uZuJFfuPEns6LaEvpvG1f0hTea8lilrouyo9mVc2GWdcEZ8OLoGmSADlrCw==",
      "requires": {
        "buffer-from": "^1.0.0",
        "inherits": "^2.0.3",
        "readable-stream": "^2.2.2",
        "typedarray": "^0.0.6"
      }
    },
    "core-util-is": {
      "version": "1.0.2",
      "resolved": "https://registry.npmjs.org/core-util-is/-/core-util-is-1.0.2.tgz",
      "integrity": "sha1-tf1UIgqivFq1eqtxQMlAdUUDwac="
    },
    "csscolorparser": {
      "version": "1.0.3",
      "resolved": "https://registry.npmjs.org/csscolorparser/-/csscolorparser-1.0.3.tgz",
      "integrity": "sha1-s085HupNqPPpgjHizNjfnAQfFxs="
    },
    "decode-uri-component": {
      "version": "0.2.0",
      "resolved": "https://registry.npmjs.org/decode-uri-component/-/decode-uri-component-0.2.0.tgz",
      "integrity": "sha1-6zkTMzRYd1y4TNGh+uBiEGu4dUU="
    },
    "decompress-response": {
      "version": "3.3.0",
      "resolved": "https://registry.npmjs.org/decompress-response/-/decompress-response-3.3.0.tgz",
      "integrity": "sha1-gKTdMjdIOEv6JICDYirt7Jgq3/M=",
      "requires": {
        "mimic-response": "^1.0.0"
      }
    },
    "duplexer3": {
      "version": "0.1.4",
      "resolved": "https://registry.npmjs.org/duplexer3/-/duplexer3-0.1.4.tgz",
      "integrity": "sha1-7gHdHKwO08vH/b6jfcCo8c4ALOI="
    },
    "earcut": {
      "version": "2.1.5",
      "resolved": "https://registry.npmjs.org/earcut/-/earcut-2.1.5.tgz",
      "integrity": "sha512-QFWC7ywTVLtvRAJTVp8ugsuuGQ5mVqNmJ1cRYeLrSHgP3nycr2RHTJob9OtM0v8ujuoKN0NY1a93J/omeTL1PA=="
    },
    "esm": {
      "version": "3.2.1",
      "resolved": "https://registry.npmjs.org/esm/-/esm-3.2.1.tgz",
      "integrity": "sha512-+gxDed1gELD6mCn0P4TRPpknVJe7JvLtg3lJ9sRlLSpfw6J47QMGa5pi+10DN20VQ5z6OtbxjFoD9Z6PM+zb6Q=="
    },
    "esprima": {
      "version": "1.0.4",
      "resolved": "https://registry.npmjs.org/esprima/-/esprima-1.0.4.tgz",
      "integrity": "sha1-n1V+CPw7TSbs6d00+Pv0drYlha0="
    },
    "estree-walker": {
      "version": "0.5.2",
      "resolved": "https://registry.npmjs.org/estree-walker/-/estree-walker-0.5.2.tgz",
      "integrity": "sha512-XpCnW/AE10ws/kDAs37cngSkvgIR8aN3G0MS85m7dUpuK2EREo9VJ00uvw6Dg/hXEpfsE1I1TvJOJr+Z+TL+ig==",
      "dev": true
    },
    "eventemitter3": {
      "version": "3.1.0",
      "resolved": "https://registry.npmjs.org/eventemitter3/-/eventemitter3-3.1.0.tgz",
      "integrity": "sha512-ivIvhpq/Y0uSjcHDcOIccjmYjGLcP09MFGE7ysAwkAvkXfpZlC985pH2/ui64DKazbTW/4kN3yqozUxlXzI6cA=="
    },
    "expand-brackets": {
      "version": "0.1.5",
      "resolved": "https://registry.npmjs.org/expand-brackets/-/expand-brackets-0.1.5.tgz",
      "integrity": "sha1-3wcoTjQqgHzXM6xa9yQR5YHRF3s=",
      "dev": true,
      "requires": {
        "is-posix-bracket": "^0.1.0"
      }
    },
    "expand-range": {
      "version": "1.8.2",
      "resolved": "https://registry.npmjs.org/expand-range/-/expand-range-1.8.2.tgz",
      "integrity": "sha1-opnv/TNf4nIeuujiV+x5ZE/IUzc=",
      "dev": true,
      "requires": {
        "fill-range": "^2.1.0"
      }
    },
    "expect.js": {
      "version": "0.2.0",
      "resolved": "https://registry.npmjs.org/expect.js/-/expect.js-0.2.0.tgz",
      "integrity": "sha1-EChTPSwcNj90pnlv9X7AUg3tK+E="
    },
    "extglob": {
      "version": "0.3.2",
      "resolved": "https://registry.npmjs.org/extglob/-/extglob-0.3.2.tgz",
      "integrity": "sha1-Lhj/PS9JqydlzskCPwEdqo2DSaE=",
      "dev": true,
      "requires": {
        "is-extglob": "^1.0.0"
      }
    },
    "filename-regex": {
      "version": "2.0.1",
      "resolved": "https://registry.npmjs.org/filename-regex/-/filename-regex-2.0.1.tgz",
      "integrity": "sha1-wcS5vuPglyXdsQa3XB4wH+LxiyY=",
      "dev": true
    },
    "fill-range": {
      "version": "2.2.4",
      "resolved": "https://registry.npmjs.org/fill-range/-/fill-range-2.2.4.tgz",
      "integrity": "sha512-cnrcCbj01+j2gTG921VZPnHbjmdAf8oQV/iGeV2kZxGSyfYjjTyY79ErsK1WJWMpw6DaApEX72binqJE+/d+5Q==",
      "dev": true,
      "requires": {
        "is-number": "^2.1.0",
        "isobject": "^2.0.0",
        "randomatic": "^3.0.0",
        "repeat-element": "^1.1.2",
        "repeat-string": "^1.5.2"
      }
    },
    "flaco": {
      "version": "2.0.0-3",
      "resolved": "https://registry.npmjs.org/flaco/-/flaco-2.0.0-3.tgz",
      "integrity": "sha512-ppUfHxsEhCxXlSEjq/oxSQuASZ+3PUVzZ8Pqq+f8VyI0nR6fityPrFZuSYxFpB9StSFwDvwDsuTWxm17riHA/w==",
      "requires": {
        "smart-table-operators": "^2.0.10"
      }
    },
    "for-in": {
      "version": "1.0.2",
      "resolved": "https://registry.npmjs.org/for-in/-/for-in-1.0.2.tgz",
      "integrity": "sha1-gQaNKVqBQuwKxybG4iAMMPttXoA=",
      "dev": true
    },
    "for-own": {
      "version": "0.1.5",
      "resolved": "https://registry.npmjs.org/for-own/-/for-own-0.1.5.tgz",
      "integrity": "sha1-UmXGgaTylNq78XyVCbZ2OqhFEM4=",
      "dev": true,
      "requires": {
        "for-in": "^1.0.1"
      }
    },
    "from2": {
      "version": "2.3.0",
      "resolved": "https://registry.npmjs.org/from2/-/from2-2.3.0.tgz",
      "integrity": "sha1-i/tVAr3kpNNs/e6gB/zKIdfjgq8=",
      "requires": {
        "inherits": "^2.0.1",
        "readable-stream": "^2.0.0"
      }
    },
    "geojson-vt": {
      "version": "3.2.1",
      "resolved": "https://registry.npmjs.org/geojson-vt/-/geojson-vt-3.2.1.tgz",
      "integrity": "sha512-EvGQQi/zPrDA6zr6BnJD/YhwAkBP8nnJ9emh3EnHQKVMfg/MRVtPbMYdgVy/IaEmn4UfagD2a6fafPDL5hbtwg=="
    },
    "get-stream": {
      "version": "3.0.0",
      "resolved": "https://registry.npmjs.org/get-stream/-/get-stream-3.0.0.tgz",
      "integrity": "sha1-jpQ9E1jcN1VQVOy+LtsFqhdO3hQ="
    },
    "gl-matrix": {
      "version": "3.0.0",
      "resolved": "https://registry.npmjs.org/gl-matrix/-/gl-matrix-3.0.0.tgz",
      "integrity": "sha512-PD4mVH/C/Zs64kOozeFnKY8ybhgwxXXQYGWdB4h68krAHknWJgk9uKOn6z8YElh5//vs++90pb6csrTIDWnexA=="
    },
    "glob-base": {
      "version": "0.3.0",
      "resolved": "https://registry.npmjs.org/glob-base/-/glob-base-0.3.0.tgz",
      "integrity": "sha1-27Fk9iIbHAscz4Kuoyi0l98Oo8Q=",
      "dev": true,
      "requires": {
        "glob-parent": "^2.0.0",
        "is-glob": "^2.0.0"
      }
    },
    "glob-parent": {
      "version": "2.0.0",
      "resolved": "https://registry.npmjs.org/glob-parent/-/glob-parent-2.0.0.tgz",
      "integrity": "sha1-gTg9ctsFT8zPUzbaqQLxgvbtuyg=",
      "dev": true,
      "requires": {
        "is-glob": "^2.0.0"
      }
    },
    "got": {
      "version": "8.3.2",
      "resolved": "https://registry.npmjs.org/got/-/got-8.3.2.tgz",
      "integrity": "sha512-qjUJ5U/hawxosMryILofZCkm3C84PLJS/0grRIpjAwu+Lkxxj5cxeCU25BG0/3mDSpXKTyZr8oh8wIgLaH0QCw==",
      "requires": {
        "@sindresorhus/is": "^0.7.0",
        "cacheable-request": "^2.1.1",
        "decompress-response": "^3.3.0",
        "duplexer3": "^0.1.4",
        "get-stream": "^3.0.0",
        "into-stream": "^3.1.0",
        "is-retry-allowed": "^1.1.0",
        "isurl": "^1.0.0-alpha5",
        "lowercase-keys": "^1.0.0",
        "mimic-response": "^1.0.0",
        "p-cancelable": "^0.4.0",
        "p-timeout": "^2.0.1",
        "pify": "^3.0.0",
        "safe-buffer": "^5.1.1",
        "timed-out": "^4.0.1",
        "url-parse-lax": "^3.0.0",
        "url-to-options": "^1.0.1"
      }
    },
    "grid-index": {
      "version": "1.1.0",
      "resolved": "https://registry.npmjs.org/grid-index/-/grid-index-1.1.0.tgz",
      "integrity": "sha512-HZRwumpOGUrHyxO5bqKZL0B0GlUpwtCAzZ42sgxUPniu33R1LSFH5yrIcBCHjkctCAh3mtWKcKd9J4vDDdeVHA=="
    },
    "has-symbol-support-x": {
      "version": "1.4.2",
      "resolved": "https://registry.npmjs.org/has-symbol-support-x/-/has-symbol-support-x-1.4.2.tgz",
      "integrity": "sha512-3ToOva++HaW+eCpgqZrCfN51IPB+7bJNVT6CUATzueB5Heb8o6Nam0V3HG5dlDvZU1Gn5QLcbahiKw/XVk5JJw=="
    },
    "has-to-string-tag-x": {
      "version": "1.4.1",
      "resolved": "https://registry.npmjs.org/has-to-string-tag-x/-/has-to-string-tag-x-1.4.1.tgz",
      "integrity": "sha512-vdbKfmw+3LoOYVr+mtxHaX5a96+0f3DljYd8JOqvOLsf5mw2Otda2qCDT9qRqLAhrjyQ0h7ual5nOiASpsGNFw==",
      "requires": {
        "has-symbol-support-x": "^1.4.1"
      }
    },
    "http-cache-semantics": {
      "version": "3.8.1",
      "resolved": "https://registry.npmjs.org/http-cache-semantics/-/http-cache-semantics-3.8.1.tgz",
      "integrity": "sha512-5ai2iksyV8ZXmnZhHH4rWPoxxistEexSi5936zIQ1bnNTW5VnA85B6P/VpXiRM017IgRvb2kKo1a//y+0wSp3w=="
    },
    "ieee754": {
      "version": "1.1.12",
      "resolved": "https://registry.npmjs.org/ieee754/-/ieee754-1.1.12.tgz",
      "integrity": "sha512-GguP+DRY+pJ3soyIiGPTvdiVXjZ+DbXOxGpXn3eMvNW4x4irjqXm4wHKscC+TfxSJ0yw/S1F24tqdMNsMZTiLA=="
    },
    "inherits": {
      "version": "2.0.3",
      "resolved": "https://registry.npmjs.org/inherits/-/inherits-2.0.3.tgz",
      "integrity": "sha1-Yzwsg+PaQqUC9SRmAiSA9CCCYd4="
    },
    "into-stream": {
      "version": "3.1.0",
      "resolved": "https://registry.npmjs.org/into-stream/-/into-stream-3.1.0.tgz",
      "integrity": "sha1-lvsKk2wSur1v8XUqF9BWFqvQlMY=",
      "requires": {
        "from2": "^2.1.1",
        "p-is-promise": "^1.1.0"
      }
    },
    "is-buffer": {
      "version": "1.1.6",
      "resolved": "https://registry.npmjs.org/is-buffer/-/is-buffer-1.1.6.tgz",
      "integrity": "sha512-NcdALwpXkTm5Zvvbk7owOUSvVvBKDgKP5/ewfXEznmQFfs4ZRmanOeKBTjRVjka3QFoN6XJ+9F3USqfHqTaU5w==",
      "dev": true
    },
    "is-dotfile": {
      "version": "1.0.3",
      "resolved": "https://registry.npmjs.org/is-dotfile/-/is-dotfile-1.0.3.tgz",
      "integrity": "sha1-pqLzL/0t+wT1yiXs0Pa4PPeYoeE=",
      "dev": true
    },
    "is-equal-shallow": {
      "version": "0.1.3",
      "resolved": "https://registry.npmjs.org/is-equal-shallow/-/is-equal-shallow-0.1.3.tgz",
      "integrity": "sha1-IjgJj8Ih3gvPpdnqxMRdY4qhxTQ=",
      "dev": true,
      "requires": {
        "is-primitive": "^2.0.0"
      }
    },
    "is-extendable": {
      "version": "0.1.1",
      "resolved": "https://registry.npmjs.org/is-extendable/-/is-extendable-0.1.1.tgz",
      "integrity": "sha1-YrEQ4omkcUGOPsNqYX1HLjAd/Ik=",
      "dev": true
    },
    "is-extglob": {
      "version": "1.0.0",
      "resolved": "https://registry.npmjs.org/is-extglob/-/is-extglob-1.0.0.tgz",
      "integrity": "sha1-rEaBd8SUNAWgkvyPKXYMb/xiBsA=",
      "dev": true
    },
    "is-glob": {
      "version": "2.0.1",
      "resolved": "https://registry.npmjs.org/is-glob/-/is-glob-2.0.1.tgz",
      "integrity": "sha1-0Jb5JqPe1WAPP9/ZEZjLCIjC2GM=",
      "dev": true,
      "requires": {
        "is-extglob": "^1.0.0"
      }
    },
    "is-module": {
      "version": "1.0.0",
      "resolved": "https://registry.npmjs.org/is-module/-/is-module-1.0.0.tgz",
      "integrity": "sha1-Mlj7afeMFNW4FdZkM2tM/7ZEFZE=",
      "dev": true
    },
    "is-number": {
      "version": "2.1.0",
      "resolved": "https://registry.npmjs.org/is-number/-/is-number-2.1.0.tgz",
      "integrity": "sha1-Afy7s5NGOlSPL0ZszhbezknbkI8=",
      "dev": true,
      "requires": {
        "kind-of": "^3.0.2"
      }
    },
    "is-object": {
      "version": "1.0.1",
      "resolved": "https://registry.npmjs.org/is-object/-/is-object-1.0.1.tgz",
      "integrity": "sha1-iVJojF7C/9awPsyF52ngKQMINHA="
    },
    "is-plain-obj": {
      "version": "1.1.0",
      "resolved": "https://registry.npmjs.org/is-plain-obj/-/is-plain-obj-1.1.0.tgz",
      "integrity": "sha1-caUMhCnfync8kqOQpKA7OfzVHT4="
    },
    "is-posix-bracket": {
      "version": "0.1.1",
      "resolved": "https://registry.npmjs.org/is-posix-bracket/-/is-posix-bracket-0.1.1.tgz",
      "integrity": "sha1-MzTceXdDaOkvAW5vvAqI9c1ua8Q=",
      "dev": true
    },
    "is-primitive": {
      "version": "2.0.0",
      "resolved": "https://registry.npmjs.org/is-primitive/-/is-primitive-2.0.0.tgz",
      "integrity": "sha1-IHurkWOEmcB7Kt8kCkGochADRXU=",
      "dev": true
    },
    "is-retry-allowed": {
      "version": "1.1.0",
      "resolved": "https://registry.npmjs.org/is-retry-allowed/-/is-retry-allowed-1.1.0.tgz",
      "integrity": "sha1-EaBgVotnM5REAz0BJaYaINVk+zQ="
    },
    "isarray": {
      "version": "1.0.0",
      "resolved": "https://registry.npmjs.org/isarray/-/isarray-1.0.0.tgz",
      "integrity": "sha1-u5NdSFgsuhaMBoNJV6VKPgcSTxE="
    },
    "isobject": {
      "version": "2.1.0",
      "resolved": "https://registry.npmjs.org/isobject/-/isobject-2.1.0.tgz",
      "integrity": "sha1-8GVWEJaj8dou9GJy+BXIQNh+DIk=",
      "dev": true,
      "requires": {
        "isarray": "1.0.0"
      }
    },
    "isurl": {
      "version": "1.0.0",
      "resolved": "https://registry.npmjs.org/isurl/-/isurl-1.0.0.tgz",
      "integrity": "sha512-1P/yWsxPlDtn7QeRD+ULKQPaIaN6yF368GZ2vDfv0AL0NwpStafjWCDDdn0k8wgFMWpVAqG7oJhxHnlud42i9w==",
      "requires": {
        "has-to-string-tag-x": "^1.2.0",
        "is-object": "^1.0.1"
      }
    },
    "json-buffer": {
      "version": "3.0.0",
      "resolved": "https://registry.npmjs.org/json-buffer/-/json-buffer-3.0.0.tgz",
      "integrity": "sha1-Wx85evx11ne96Lz8Dkfh+aPZqJg="
    },
    "kdbush": {
      "version": "3.0.0",
      "resolved": "https://registry.npmjs.org/kdbush/-/kdbush-3.0.0.tgz",
      "integrity": "sha512-hRkd6/XW4HTsA9vjVpY9tuXJYLSlelnkTmVFu4M9/7MIYQtFcHpbugAU7UbOfjOiVSVYl2fqgBuJ32JUmRo5Ew=="
    },
    "keyv": {
      "version": "3.0.0",
      "resolved": "https://registry.npmjs.org/keyv/-/keyv-3.0.0.tgz",
      "integrity": "sha512-eguHnq22OE3uVoSYG0LVWNP+4ppamWr9+zWBe1bsNcovIMy6huUJFPgy4mGwCd/rnl3vOLGW1MTlu4c57CT1xA==",
      "requires": {
        "json-buffer": "3.0.0"
      }
    },
    "kind-of": {
      "version": "3.2.2",
      "resolved": "https://registry.npmjs.org/kind-of/-/kind-of-3.2.2.tgz",
      "integrity": "sha1-MeohpzS6ubuw8yRm2JOupR5KPGQ=",
      "dev": true,
      "requires": {
        "is-buffer": "^1.1.5"
      }
    },
    "lowercase-keys": {
      "version": "1.0.1",
      "resolved": "https://registry.npmjs.org/lowercase-keys/-/lowercase-keys-1.0.1.tgz",
      "integrity": "sha512-G2Lj61tXDnVFFOi8VZds+SoQjtQC3dgokKdDG2mTm1tx4m50NUHBOZSBwQQHyy0V12A0JTG4icfZQH+xPyh8VA=="
    },
    "magic-string": {
      "version": "0.25.2",
      "resolved": "https://registry.npmjs.org/magic-string/-/magic-string-0.25.2.tgz",
      "integrity": "sha512-iLs9mPjh9IuTtRsqqhNGYcZXGei0Nh/A4xirrsqW7c+QhKVFL2vm7U09ru6cHRD22azaP/wMDgI+HCqbETMTtg==",
      "dev": true,
      "requires": {
        "sourcemap-codec": "^1.4.4"
      }
    },
    "mapbox-gl": {
      "version": "0.53.0-beta.1",
      "resolved": "https://registry.npmjs.org/mapbox-gl/-/mapbox-gl-0.53.0-beta.1.tgz",
      "integrity": "sha512-h2lpoeMQgKfpTHsZJzZCmvoMka/P42VMguNhcaYzgn0/WbCeI22XvCBN11In4kF2Da9YeXjgLMOaeneI5Kg8aQ==",
      "requires": {
        "@mapbox/geojson-rewind": "^0.4.0",
        "@mapbox/geojson-types": "^1.0.2",
        "@mapbox/jsonlint-lines-primitives": "^2.0.2",
        "@mapbox/mapbox-gl-supported": "^1.4.0",
        "@mapbox/point-geometry": "^0.1.0",
        "@mapbox/tiny-sdf": "^1.1.0",
        "@mapbox/unitbezier": "^0.0.0",
        "@mapbox/vector-tile": "^1.3.1",
        "@mapbox/whoots-js": "^3.1.0",
        "csscolorparser": "~1.0.2",
        "earcut": "^2.1.4",
        "esm": "^3.0.84",
        "geojson-vt": "^3.2.1",
        "gl-matrix": "^3.0.0",
        "grid-index": "^1.1.0",
        "minimist": "0.0.8",
        "murmurhash-js": "^1.0.0",
        "pbf": "^3.0.5",
        "potpack": "^1.0.1",
        "quickselect": "^2.0.0",
        "rw": "^1.3.3",
        "supercluster": "^6.0.1",
        "tinyqueue": "^2.0.0",
        "vt-pbf": "^3.1.1"
      }
    },
    "math-random": {
      "version": "1.0.4",
      "resolved": "https://registry.npmjs.org/math-random/-/math-random-1.0.4.tgz",
      "integrity": "sha512-rUxjysqif/BZQH2yhd5Aaq7vXMSx9NdEsQcyA07uEzIvxgI7zIr33gGsh+RU0/XjmQpCW7RsVof1vlkvQVCK5A==",
      "dev": true
    },
    "micromatch": {
      "version": "2.3.11",
      "resolved": "https://registry.npmjs.org/micromatch/-/micromatch-2.3.11.tgz",
      "integrity": "sha1-hmd8l9FyCzY0MdBNDRUpO9OMFWU=",
      "dev": true,
      "requires": {
        "arr-diff": "^2.0.0",
        "array-unique": "^0.2.1",
        "braces": "^1.8.2",
        "expand-brackets": "^0.1.4",
        "extglob": "^0.3.1",
        "filename-regex": "^2.0.0",
        "is-extglob": "^1.0.0",
        "is-glob": "^2.0.1",
        "kind-of": "^3.0.2",
        "normalize-path": "^2.0.1",
        "object.omit": "^2.0.0",
        "parse-glob": "^3.0.4",
        "regex-cache": "^0.4.2"
      }
    },
    "mimic-response": {
      "version": "1.0.1",
      "resolved": "https://registry.npmjs.org/mimic-response/-/mimic-response-1.0.1.tgz",
      "integrity": "sha512-j5EctnkH7amfV/q5Hgmoal1g2QHFJRraOtmx0JpIqkxhBhI/lJSl1nMpQ45hVarwNETOoWEimndZ4QK0RHxuxQ=="
    },
    "minimist": {
      "version": "0.0.8",
      "resolved": "https://registry.npmjs.org/minimist/-/minimist-0.0.8.tgz",
      "integrity": "sha1-hX/Kv8M5fSYluCKCYuhqp6ARsF0="
    },
    "murmurhash-js": {
      "version": "1.0.0",
      "resolved": "https://registry.npmjs.org/murmurhash-js/-/murmurhash-js-1.0.0.tgz",
      "integrity": "sha1-sGJ44h/Gw3+lMTcysEEry2rhX1E="
    },
    "normalize-path": {
      "version": "2.1.1",
      "resolved": "https://registry.npmjs.org/normalize-path/-/normalize-path-2.1.1.tgz",
      "integrity": "sha1-GrKLVW4Zg2Oowab35vogE3/mrtk=",
      "dev": true,
      "requires": {
        "remove-trailing-separator": "^1.0.1"
      }
    },
    "normalize-url": {
      "version": "2.0.1",
      "resolved": "https://registry.npmjs.org/normalize-url/-/normalize-url-2.0.1.tgz",
      "integrity": "sha512-D6MUW4K/VzoJ4rJ01JFKxDrtY1v9wrgzCX5f2qj/lzH1m/lW6MhUZFKerVsnyjOhOsYzI9Kqqak+10l4LvLpMw==",
      "requires": {
        "prepend-http": "^2.0.0",
        "query-string": "^5.0.1",
        "sort-keys": "^2.0.0"
      }
    },
    "object-assign": {
      "version": "4.1.1",
      "resolved": "https://registry.npmjs.org/object-assign/-/object-assign-4.1.1.tgz",
      "integrity": "sha1-IQmtx5ZYh8/AXLvUQsrIv7s2CGM="
    },
    "object.omit": {
      "version": "2.0.1",
      "resolved": "https://registry.npmjs.org/object.omit/-/object.omit-2.0.1.tgz",
      "integrity": "sha1-Gpx0SCnznbuFjHbKNXmuKlTr0fo=",
      "dev": true,
      "requires": {
        "for-own": "^0.1.4",
        "is-extendable": "^0.1.1"
      }
    },
    "p-cancelable": {
      "version": "0.4.1",
      "resolved": "https://registry.npmjs.org/p-cancelable/-/p-cancelable-0.4.1.tgz",
      "integrity": "sha512-HNa1A8LvB1kie7cERyy21VNeHb2CWJJYqyyC2o3klWFfMGlFmWv2Z7sFgZH8ZiaYL95ydToKTFVXgMV/Os0bBQ=="
    },
    "p-finally": {
      "version": "1.0.0",
      "resolved": "https://registry.npmjs.org/p-finally/-/p-finally-1.0.0.tgz",
      "integrity": "sha1-P7z7FbiZpEEjs0ttzBi3JDNqLK4="
    },
    "p-is-promise": {
      "version": "1.1.0",
      "resolved": "https://registry.npmjs.org/p-is-promise/-/p-is-promise-1.1.0.tgz",
      "integrity": "sha1-nJRWmJ6fZYgBewQ01WCXZ1w9oF4="
    },
    "p-timeout": {
      "version": "2.0.1",
      "resolved": "https://registry.npmjs.org/p-timeout/-/p-timeout-2.0.1.tgz",
      "integrity": "sha512-88em58dDVB/KzPEx1X0N3LwFfYZPyDc4B6eF38M1rk9VTZMbxXXgjugz8mmwpS9Ox4BDZ+t6t3QP5+/gazweIA==",
      "requires": {
        "p-finally": "^1.0.0"
      }
    },
    "parse-glob": {
      "version": "3.0.4",
      "resolved": "https://registry.npmjs.org/parse-glob/-/parse-glob-3.0.4.tgz",
      "integrity": "sha1-ssN2z7EfNVE7rdFz7wu246OIORw=",
      "dev": true,
      "requires": {
        "glob-base": "^0.3.0",
        "is-dotfile": "^1.0.0",
        "is-extglob": "^1.0.0",
        "is-glob": "^2.0.0"
      }
    },
    "path-parse": {
      "version": "1.0.6",
      "resolved": "https://registry.npmjs.org/path-parse/-/path-parse-1.0.6.tgz",
      "integrity": "sha512-GSmOT2EbHrINBf9SR7CDELwlJ8AENk3Qn7OikK4nFYAu3Ote2+JYNVvkpAEQm3/TLNEJFD/xZJjzyxg3KBWOzw==",
      "dev": true
    },
    "pbf": {
      "version": "3.1.0",
      "resolved": "https://registry.npmjs.org/pbf/-/pbf-3.1.0.tgz",
      "integrity": "sha512-/hYJmIsTmh7fMkHAWWXJ5b8IKLWdjdlAFb3IHkRBn1XUhIYBChVGfVwmHEAV3UfXTxsP/AKfYTXTS/dCPxJd5w==",
      "requires": {
        "ieee754": "^1.1.6",
        "resolve-protobuf-schema": "^2.0.0"
      }
    },
    "pify": {
      "version": "3.0.0",
      "resolved": "https://registry.npmjs.org/pify/-/pify-3.0.0.tgz",
      "integrity": "sha1-5aSs0sEB/fPZpNB/DbxNtJ3SgXY="
    },
    "potpack": {
      "version": "1.0.1",
      "resolved": "https://registry.npmjs.org/potpack/-/potpack-1.0.1.tgz",
      "integrity": "sha512-15vItUAbViaYrmaB/Pbw7z6qX2xENbFSTA7Ii4tgbPtasxm5v6ryKhKtL91tpWovDJzTiZqdwzhcFBCwiMVdVw=="
    },
    "prepend-http": {
      "version": "2.0.0",
      "resolved": "https://registry.npmjs.org/prepend-http/-/prepend-http-2.0.0.tgz",
      "integrity": "sha1-6SQ0v6XqjBn0HN/UAddBo8gZ2Jc="
    },
    "preserve": {
      "version": "0.2.0",
      "resolved": "https://registry.npmjs.org/preserve/-/preserve-0.2.0.tgz",
      "integrity": "sha1-gV7R9uvGWSb4ZbMQwHE7yzMVzks=",
      "dev": true
    },
    "process-nextick-args": {
      "version": "2.0.0",
      "resolved": "https://registry.npmjs.org/process-nextick-args/-/process-nextick-args-2.0.0.tgz",
      "integrity": "sha512-MtEC1TqN0EU5nephaJ4rAtThHtC86dNN9qCuEhtshvpVBkAW5ZO7BASN9REnF9eoXGcRub+pFuKEpOHE+HbEMw=="
    },
    "protocol-buffers-schema": {
      "version": "3.3.2",
      "resolved": "https://registry.npmjs.org/protocol-buffers-schema/-/protocol-buffers-schema-3.3.2.tgz",
      "integrity": "sha512-Xdayp8sB/mU+sUV4G7ws8xtYMGdQnxbeIfLjyO9TZZRJdztBGhlmbI5x1qcY4TG5hBkIKGnc28i7nXxaugu88w=="
    },
    "query-string": {
      "version": "5.1.1",
      "resolved": "https://registry.npmjs.org/query-string/-/query-string-5.1.1.tgz",
      "integrity": "sha512-gjWOsm2SoGlgLEdAGt7a6slVOk9mGiXmPFMqrEhLQ68rhQuBnpfs3+EmlvqKyxnCo9/PPlF+9MtY02S1aFg+Jw==",
      "requires": {
        "decode-uri-component": "^0.2.0",
        "object-assign": "^4.1.0",
        "strict-uri-encode": "^1.0.0"
      }
    },
    "quickselect": {
      "version": "2.0.0",
      "resolved": "https://registry.npmjs.org/quickselect/-/quickselect-2.0.0.tgz",
      "integrity": "sha512-RKJ22hX8mHe3Y6wH/N3wCM6BWtjaxIyyUIkpHOvfFnxdI4yD4tBXEBKSbriGujF6jnSVkJrffuo6vxACiSSxIw=="
    },
    "randomatic": {
      "version": "3.1.1",
      "resolved": "https://registry.npmjs.org/randomatic/-/randomatic-3.1.1.tgz",
      "integrity": "sha512-TuDE5KxZ0J461RVjrJZCJc+J+zCkTb1MbH9AQUq68sMhOMcy9jLcb3BrZKgp9q9Ncltdg4QVqWrH02W2EFFVYw==",
      "dev": true,
      "requires": {
        "is-number": "^4.0.0",
        "kind-of": "^6.0.0",
        "math-random": "^1.0.1"
      },
      "dependencies": {
        "is-number": {
          "version": "4.0.0",
          "resolved": "https://registry.npmjs.org/is-number/-/is-number-4.0.0.tgz",
          "integrity": "sha512-rSklcAIlf1OmFdyAqbnWTLVelsQ58uvZ66S/ZyawjWqIviTWCjg2PzVGw8WUA+nNuPTqb4wgA+NszrJ+08LlgQ==",
          "dev": true
        },
        "kind-of": {
          "version": "6.0.2",
          "resolved": "https://registry.npmjs.org/kind-of/-/kind-of-6.0.2.tgz",
          "integrity": "sha512-s5kLOcnH0XqDO+FvuaLX8DDjZ18CGFk7VygH40QoKPUQhW4e2rvM0rwUq0t8IQDOwYSeLK01U90OjzBTme2QqA==",
          "dev": true
        }
      }
    },
    "readable-stream": {
      "version": "2.3.6",
      "resolved": "https://registry.npmjs.org/readable-stream/-/readable-stream-2.3.6.tgz",
      "integrity": "sha512-tQtKA9WIAhBF3+VLAseyMqZeBjW0AHJoxOtYqSUZNJxauErmLbVm2FW1y+J/YA9dUrAC39ITejlZWhVIwawkKw==",
      "requires": {
        "core-util-is": "~1.0.0",
        "inherits": "~2.0.3",
        "isarray": "~1.0.0",
        "process-nextick-args": "~2.0.0",
        "safe-buffer": "~5.1.1",
        "string_decoder": "~1.1.1",
        "util-deprecate": "~1.0.1"
      }
    },
    "redeyed": {
      "version": "0.4.4",
      "resolved": "https://registry.npmjs.org/redeyed/-/redeyed-0.4.4.tgz",
      "integrity": "sha1-N+mQpvKyGyoRwuakj9QTVpjLqX8=",
      "requires": {
        "esprima": "~1.0.4"
      }
    },
    "regex-cache": {
      "version": "0.4.4",
      "resolved": "https://registry.npmjs.org/regex-cache/-/regex-cache-0.4.4.tgz",
      "integrity": "sha512-nVIZwtCjkC9YgvWkpM55B5rBhBYRZhAaJbgcFYXXsHnbZ9UZI9nnVWYZpBlCqv9ho2eZryPnWrZGsOdPwVWXWQ==",
      "dev": true,
      "requires": {
        "is-equal-shallow": "^0.1.3"
      }
    },
    "remove-trailing-separator": {
      "version": "1.1.0",
      "resolved": "https://registry.npmjs.org/remove-trailing-separator/-/remove-trailing-separator-1.1.0.tgz",
      "integrity": "sha1-wkvOKig62tW8P1jg1IJJuSN52O8=",
      "dev": true
    },
    "repeat-element": {
      "version": "1.1.3",
      "resolved": "https://registry.npmjs.org/repeat-element/-/repeat-element-1.1.3.tgz",
      "integrity": "sha512-ahGq0ZnV5m5XtZLMb+vP76kcAM5nkLqk0lpqAuojSKGgQtn4eRi4ZZGm2olo2zKFH+sMsWaqOCW1dqAnOru72g==",
      "dev": true
    },
    "repeat-string": {
      "version": "1.6.1",
      "resolved": "https://registry.npmjs.org/repeat-string/-/repeat-string-1.6.1.tgz",
      "integrity": "sha1-jcrkcOHIirwtYA//Sndihtp15jc=",
      "dev": true
    },
    "resolve": {
      "version": "1.10.0",
      "resolved": "https://registry.npmjs.org/resolve/-/resolve-1.10.0.tgz",
      "integrity": "sha512-3sUr9aq5OfSg2S9pNtPA9hL1FVEAjvfOC4leW0SNf/mpnaakz2a9femSd6LqAww2RaFctwyf1lCqnTHuF1rxDg==",
      "dev": true,
      "requires": {
        "path-parse": "^1.0.6"
      }
    },
    "resolve-protobuf-schema": {
      "version": "2.1.0",
      "resolved": "https://registry.npmjs.org/resolve-protobuf-schema/-/resolve-protobuf-schema-2.1.0.tgz",
      "integrity": "sha512-kI5ffTiZWmJaS/huM8wZfEMer1eRd7oJQhDuxeCLe3t7N7mX3z94CN0xPxBQxFYQTSNz9T0i+v6inKqSdK8xrQ==",
      "requires": {
        "protocol-buffers-schema": "^3.3.1"
      }
    },
    "responselike": {
      "version": "1.0.2",
      "resolved": "https://registry.npmjs.org/responselike/-/responselike-1.0.2.tgz",
      "integrity": "sha1-kYcg7ztjHFZCvgaPFa3lpG9Loec=",
      "requires": {
        "lowercase-keys": "^1.0.0"
      }
    },
    "rollup": {
      "version": "1.1.2",
      "resolved": "https://registry.npmjs.org/rollup/-/rollup-1.1.2.tgz",
      "integrity": "sha512-OkdMxqMl8pWoQc5D8y1cIinYQPPLV8ZkfLgCzL6SytXeNA2P7UHynEQXI9tYxuAjAMsSyvRaWnyJDLHMxq0XAg==",
      "dev": true,
      "requires": {
        "@types/estree": "0.0.39",
        "@types/node": "*",
        "acorn": "^6.0.5"
      }
    },
    "rollup-plugin-commonjs": {
      "version": "9.2.0",
      "resolved": "https://registry.npmjs.org/rollup-plugin-commonjs/-/rollup-plugin-commonjs-9.2.0.tgz",
      "integrity": "sha512-0RM5U4Vd6iHjL6rLvr3lKBwnPsaVml+qxOGaaNUWN1lSq6S33KhITOfHmvxV3z2vy9Mk4t0g4rNlVaJJsNQPWA==",
      "dev": true,
      "requires": {
        "estree-walker": "^0.5.2",
        "magic-string": "^0.25.1",
        "resolve": "^1.8.1",
        "rollup-pluginutils": "^2.3.3"
      }
    },
    "rollup-plugin-node-resolve": {
      "version": "4.0.0",
      "resolved": "https://registry.npmjs.org/rollup-plugin-node-resolve/-/rollup-plugin-node-resolve-4.0.0.tgz",
      "integrity": "sha512-7Ni+/M5RPSUBfUaP9alwYQiIKnKeXCOHiqBpKUl9kwp3jX5ZJtgXAait1cne6pGEVUUztPD6skIKH9Kq9sNtfw==",
      "dev": true,
      "requires": {
        "builtin-modules": "^3.0.0",
        "is-module": "^1.0.0",
        "resolve": "^1.8.1"
      }
    },
    "rollup-pluginutils": {
      "version": "2.3.3",
      "resolved": "https://registry.npmjs.org/rollup-pluginutils/-/rollup-pluginutils-2.3.3.tgz",
      "integrity": "sha512-2XZwja7b6P5q4RZ5FhyX1+f46xi1Z3qBKigLRZ6VTZjwbN0K1IFGMlwm06Uu0Emcre2Z63l77nq/pzn+KxIEoA==",
      "dev": true,
      "requires": {
        "estree-walker": "^0.5.2",
        "micromatch": "^2.3.11"
      }
    },
    "rw": {
      "version": "1.3.3",
      "resolved": "https://registry.npmjs.org/rw/-/rw-1.3.3.tgz",
      "integrity": "sha1-P4Yt+pGrdmsUiF700BEkv9oHT7Q="
    },
    "safe-buffer": {
      "version": "5.1.2",
      "resolved": "https://registry.npmjs.org/safe-buffer/-/safe-buffer-5.1.2.tgz",
      "integrity": "sha512-Gd2UZBJDkXlY7GbJxfsE8/nvKkUEU1G38c1siN6QP6a9PT9MmHB8GnpscSmMJSoF8LOIrt8ud/wPtojys4G6+g=="
    },
    "sharkdown": {
      "version": "0.1.0",
      "resolved": "https://registry.npmjs.org/sharkdown/-/sharkdown-0.1.0.tgz",
      "integrity": "sha1-YdT+Up510CRCEnzJI0NiJlCZIU8=",
      "requires": {
        "cardinal": "~0.4.2",
        "expect.js": "~0.2.0",
        "minimist": "0.0.5",
        "split": "~0.2.10",
        "stream-spigot": "~2.1.2",
        "through": "~2.3.4"
      },
      "dependencies": {
        "minimist": {
          "version": "0.0.5",
          "resolved": "https://registry.npmjs.org/minimist/-/minimist-0.0.5.tgz",
          "integrity": "sha1-16oye87PUY+RBqxrjwA/o7zqhWY="
        }
      }
    },
    "smart-table-events": {
      "version": "1.0.10",
      "resolved": "https://registry.npmjs.org/smart-table-events/-/smart-table-events-1.0.10.tgz",
      "integrity": "sha512-v/5OC4uO2n2Fpa3/liT08hCDTaMrA5SkEo81QssYDbQLIbIDv1ZsONs4hMgbH+O1DEAN2ZmIEtEf8WLIDYTuCA==",
      "dev": true
    },
    "smart-table-operators": {
      "version": "2.0.10",
      "resolved": "https://registry.npmjs.org/smart-table-operators/-/smart-table-operators-2.0.10.tgz",
      "integrity": "sha512-qjc3DZVFCTSz+zfEwXB4uoZ1lUomQLBmND9ZUobXVR5zf15KW66ETIHLi8eQBfSHUDdvi3yNslK3aiCJbeG/gw=="
    },
    "sort-keys": {
      "version": "2.0.0",
      "resolved": "https://registry.npmjs.org/sort-keys/-/sort-keys-2.0.0.tgz",
      "integrity": "sha1-ZYU1WEhh7JfXMNbPQYIuH1ZoQSg=",
      "requires": {
        "is-plain-obj": "^1.0.0"
      }
    },
    "sourcemap-codec": {
      "version": "1.4.4",
      "resolved": "https://registry.npmjs.org/sourcemap-codec/-/sourcemap-codec-1.4.4.tgz",
      "integrity": "sha512-CYAPYdBu34781kLHkaW3m6b/uUSyMOC2R61gcYMWooeuaGtjof86ZA/8T+qVPPt7np1085CR9hmMGrySwEc8Xg==",
      "dev": true
    },
    "split": {
      "version": "0.2.10",
      "resolved": "https://registry.npmjs.org/split/-/split-0.2.10.tgz",
      "integrity": "sha1-Zwl8YB1pfOE2j0GPBs0gHPBSGlc=",
      "requires": {
        "through": "2"
      }
    },
    "stream-spigot": {
      "version": "2.1.2",
      "resolved": "https://registry.npmjs.org/stream-spigot/-/stream-spigot-2.1.2.tgz",
      "integrity": "sha1-feFF6Bn43Q20UJDRPc9zqO08wDU=",
      "requires": {
        "readable-stream": "~1.1.0"
      },
      "dependencies": {
        "isarray": {
          "version": "0.0.1",
          "resolved": "https://registry.npmjs.org/isarray/-/isarray-0.0.1.tgz",
          "integrity": "sha1-ihis/Kmo9Bd+Cav8YDiTmwXR7t8="
        },
        "readable-stream": {
          "version": "1.1.14",
          "resolved": "https://registry.npmjs.org/readable-stream/-/readable-stream-1.1.14.tgz",
          "integrity": "sha1-fPTFTvZI44EwhMY23SB54WbAgdk=",
          "requires": {
            "core-util-is": "~1.0.0",
            "inherits": "~2.0.1",
            "isarray": "0.0.1",
            "string_decoder": "~0.10.x"
          }
        },
        "string_decoder": {
          "version": "0.10.31",
          "resolved": "https://registry.npmjs.org/string_decoder/-/string_decoder-0.10.31.tgz",
          "integrity": "sha1-YuIDvEF2bGwoyfyEMB2rHFMQ+pQ="
        }
      }
    },
    "strict-uri-encode": {
      "version": "1.1.0",
      "resolved": "https://registry.npmjs.org/strict-uri-encode/-/strict-uri-encode-1.1.0.tgz",
      "integrity": "sha1-J5siXfHVgrH1TmWt3UNS4Y+qBxM="
    },
    "string_decoder": {
      "version": "1.1.1",
      "resolved": "https://registry.npmjs.org/string_decoder/-/string_decoder-1.1.1.tgz",
      "integrity": "sha512-n/ShnvDi6FHbbVfviro+WojiFzv+s8MPMHBczVePfUpDJLwoLT0ht1l4YwBCbi8pJAveEEdnkHyPyTP/mzRfwg==",
      "requires": {
        "safe-buffer": "~5.1.0"
      }
    },
    "supercluster": {
      "version": "6.0.1",
      "resolved": "https://registry.npmjs.org/supercluster/-/supercluster-6.0.1.tgz",
      "integrity": "sha512-NTth/FBFUt9mwW03+Z6Byscex+UHu0utroIe6uXjGu9PrTuWtW70LYv9I1vPSYYIHQL74S5zAkrXrHEk0L7dGA==",
      "requires": {
        "kdbush": "^3.0.0"
      }
    },
    "through": {
      "version": "2.3.8",
      "resolved": "https://registry.npmjs.org/through/-/through-2.3.8.tgz",
      "integrity": "sha1-DdTJ/6q8NXlgsbckEV1+Doai4fU="
    },
    "timed-out": {
      "version": "4.0.1",
      "resolved": "https://registry.npmjs.org/timed-out/-/timed-out-4.0.1.tgz",
      "integrity": "sha1-8y6srFoXW+ol1/q1Zas+2HQe9W8="
    },
    "tinyqueue": {
      "version": "2.0.0",
      "resolved": "https://registry.npmjs.org/tinyqueue/-/tinyqueue-2.0.0.tgz",
      "integrity": "sha512-CuwAcoAyhS73YgUpTVWI6t/t2mo9zfqbxTbnu4B1U6QPPhq3mxMxywSbo3cWykan4cBkXBfE8F7qulYrNcsHyQ=="
    },
    "typedarray": {
      "version": "0.0.6",
      "resolved": "https://registry.npmjs.org/typedarray/-/typedarray-0.0.6.tgz",
      "integrity": "sha1-hnrHTjhkGHsdPUfZlqeOxciDB3c="
    },
    "typescript": {
      "version": "3.3.1",
      "resolved": "https://registry.npmjs.org/typescript/-/typescript-3.3.1.tgz",
      "integrity": "sha512-cTmIDFW7O0IHbn1DPYjkiebHxwtCMU+eTy30ZtJNBPF9j2O1ITu5XH2YnBeVRKWHqF+3JQwWJv0Q0aUgX8W7IA==",
      "dev": true
    },
    "url-parse-lax": {
      "version": "3.0.0",
      "resolved": "https://registry.npmjs.org/url-parse-lax/-/url-parse-lax-3.0.0.tgz",
      "integrity": "sha1-FrXK/Afb42dsGxmZF3gj1lA6yww=",
      "requires": {
        "prepend-http": "^2.0.0"
      }
    },
    "url-to-options": {
      "version": "1.0.1",
      "resolved": "https://registry.npmjs.org/url-to-options/-/url-to-options-1.0.1.tgz",
      "integrity": "sha1-FQWgOiiaSMvXpDTvuu7FBV9WM6k="
    },
    "util-deprecate": {
      "version": "1.0.2",
      "resolved": "https://registry.npmjs.org/util-deprecate/-/util-deprecate-1.0.2.tgz",
      "integrity": "sha1-RQ1Nyfpw3nMnYvvS1KKJgUGaDM8="
    },
    "vt-pbf": {
      "version": "3.1.1",
      "resolved": "https://registry.npmjs.org/vt-pbf/-/vt-pbf-3.1.1.tgz",
      "integrity": "sha512-pHjWdrIoxurpmTcbfBWXaPwSmtPAHS105253P1qyEfSTV2HJddqjM+kIHquaT/L6lVJIk9ltTGc0IxR/G47hYA==",
      "requires": {
        "@mapbox/point-geometry": "0.1.0",
        "@mapbox/vector-tile": "^1.3.1",
        "pbf": "^3.0.5"
      }
    },
    "wgs84": {
      "version": "0.0.0",
      "resolved": "https://registry.npmjs.org/wgs84/-/wgs84-0.0.0.tgz",
      "integrity": "sha1-NP3FVZF7blfPKigu0ENxDASc3HY="
    },
    "xtend": {
      "version": "4.0.1",
      "resolved": "https://registry.npmjs.org/xtend/-/xtend-4.0.1.tgz",
      "integrity": "sha1-pcbVMr5lbiPbgg77lDofBJmNY68="
    },
    "zora": {
      "version": "3.0.0-1",
      "resolved": "https://registry.npmjs.org/zora/-/zora-3.0.0-1.tgz",
      "integrity": "sha512-XdCKNpsrQeHC8rALsfLjdI9X/Wjusq88BFXWcvs0oJzSM995m7/Rqkefpjkdh/tNhHLVVn9Qm1cDtgJ1s5vVmA==",
      "dev": true
    }
  }
}
